
Microsoft Visual Studio Solution File, Format Version 12.00
# Visual Studio Version 16
VisualStudioVersion = 16.0.29806.167
MinimumVisualStudioVersion = 10.0.40219.1
Project("{9A19103F-16F7-4668-BE54-9A1E7A4F7556}") = "Image Stitching", "Image Stitching\Image Stitching.csproj", "{C6D65E5D-788B-4802-A3F3-F32109712AFB}"
EndProject
Global
	GlobalSection(SolutionConfigurationPlatforms) = preSolution
		Debug|Any CPU = Debug|Any CPU
		Debug|x64 = Debug|x64
		Release|Any CPU = Release|Any CPU
		Release|x64 = Release|x64
	EndGlobalSection
	GlobalSection(ProjectConfigurationPlatforms) = postSolution
		{C6D65E5D-788B-4802-A3F3-F32109712AFB}.Debug|Any CPU.ActiveCfg = Debug|Any CPU
		{C6D65E5D-788B-4802-A3F3-F32109712AFB}.Debug|Any CPU.Build.0 = Debug|Any CPU
		{C6D65E5D-788B-4802-A3F3-F32109712AFB}.Debug|x64.ActiveCfg = Debug|Any CPU
		{C6D65E5D-788B-4802-A3F3-F32109712AFB}.Debug|x64.Build.0 = Debug|Any CPU
		{C6D65E5D-788B-4802-A3F3-F32109712AFB}.Release|Any CPU.ActiveCfg = Release|Any CPU
		{C6D65E5D-788B-4802-A3F3-F32109712AFB}.Release|Any CPU.Build.0 = Release|Any CPU
		{C6D65E5D-788B-4802-A3F3-F32109712AFB}.Release|x64.ActiveCfg = Release|Any CPU
		{C6D65E5D-788B-4802-A3F3-F32109712AFB}.Release|x64.Build.0 = Release|Any CPU
	EndGlobalSection
	GlobalSection(SolutionProperties) = preSolution
		HideSolutionNode = FALSE
	EndGlobalSection
	GlobalSection(ExtensibilityGlobals) = postSolution
		SolutionGuid = {D45636E6-0525-47F7-86F7-B2DFBE57544F}
	EndGlobalSection
EndGlobal
